
Microsoft Visual Studio Solution File, Format Version 12.00
# Visual Studio Version 16
VisualStudioVersion = 16.0.30204.135
MinimumVisualStudioVersion = 10.0.40219.1
Project("{FAE04EC0-301F-11D3-BF4B-00C04F79EFBC}") = "July.3.5", "July.3.5.csproj", "{9B86328E-7929-4950-A5EF-1962E701B851}"
EndProject
Global
	GlobalSection(SolutionConfigurationPlatforms) = preSolution
		Debug|Any CPU = Debug|Any CPU
		Release|Any CPU = Release|Any CPU
	EndGlobalSection
	GlobalSection(ProjectConfigurationPlatforms) = postSolution
		{9B86328E-7929-4950-A5EF-1962E701B851}.Debug|Any CPU.ActiveCfg = Debug|Any CPU
		{9B86328E-7929-4950-A5EF-1962E701B851}.Debug|Any CPU.Build.0 = Debug|Any CPU
		{9B86328E-7929-4950-A5EF-1962E701B851}.Release|Any CPU.ActiveCfg = Release|Any CPU
		{9B86328E-7929-4950-A5EF-1962E701B851}.Release|Any CPU.Build.0 = Release|Any CPU
	EndGlobalSection
	GlobalSection(SolutionProperties) = preSolution
		HideSolutionNode = FALSE
	EndGlobalSection
	GlobalSection(ExtensibilityGlobals) = postSolution
		SolutionGuid = {96F1EBFE-A38F-4F88-AE9C-70E110ACBE40}
	EndGlobalSection
EndGlobal
